
Microsoft Visual Studio Solution File, Format Version 12.00
# Visual Studio 2012
VisualStudioVersion = 12.0.30501.0
MinimumVisualStudioVersion = 10.0.40219.1
Project("{FAE04EC0-301F-11D3-BF4B-00C04F79EFBC}") = "JellyBeanTracker.Mobile", "JellyBeanTracker.Mobile\JellyBeanTracker.Mobile.csproj", "{072D8A9F-CDF8-432C-898E-EB543FE11F7A}"
EndProject
Project("{FAE04EC0-301F-11D3-BF4B-00C04F79EFBC}") = "JellyBeanTracker.Mobile.iOS", "iOS\JellyBeanTracker.Mobile.iOS.csproj", "{6994B85C-2C26-4063-A698-0B251963D4BD}"
EndProject
Project("{FAE04EC0-301F-11D3-BF4B-00C04F79EFBC}") = "JellyBeanTracker.Mobile.Android", "Android\JellyBeanTracker.Mobile.Android.csproj", "{E4E1D5F3-3C89-4EF1-8B0E-7C8F719D52C9}"
EndProject
Project("{FAE04EC0-301F-11D3-BF4B-00C04F79EFBC}") = "JellyBeanTracker.Tests", "JellyBeanTracker.Tests\JellyBeanTracker.Tests.csproj", "{71EFA7B6-C9AD-4332-BE9F-EC5E5C7AF8BB}"
EndProject
Project("{FAE04EC0-301F-11D3-BF4B-00C04F79EFBC}") = "IOC", "IOC\IOC.csproj", "{F35F5C99-87E3-492C-B4E0-3D237809A914}"
EndProject
Project("{FAE04EC0-301F-11D3-BF4B-00C04F79EFBC}") = "MVCPolyfils", "MVCPolyfils\MVCPolyfils.csproj", "{B31E5CF3-7738-42D6-ACA7-F519621C305E}"
EndProject
Project("{2150E333-8FDC-42A3-9474-1A3956D46DE8}") = "External", "External", "{4D275DD6-DF9B-4F48-AAA8-BC8FDD8910CA}"
EndProject
Project("{FAE04EC0-301F-11D3-BF4B-00C04F79EFBC}") = "Xamarin.Forms.Labs", "..\..\Xamarin-Forms-Labs\src\Xamarin.Forms.Labs\Xamarin.Forms.Labs\Xamarin.Forms.Labs.csproj", "{4D10DF5E-883D-468B-A854-4A53C7FE75AC}"
EndProject
Project("{FAE04EC0-301F-11D3-BF4B-00C04F79EFBC}") = "Xamarin.Forms.Labs.iOS", "..\..\Xamarin-Forms-Labs\src\Xamarin.Forms.Labs\Xamarin.Forms.Labs.iOS\Xamarin.Forms.Labs.iOS.csproj", "{31ACBE7A-3A07-46A5-804D-0C70454B3DC9}"
EndProject
Project("{FAE04EC0-301F-11D3-BF4B-00C04F79EFBC}") = "Xamarin.Forms.Labs.Droid", "..\..\Xamarin-Forms-Labs\src\Xamarin.Forms.Labs\Xamarin.Forms.Labs.Droid\Xamarin.Forms.Labs.Droid.csproj", "{67BB1B0A-8F35-4B87-907A-0BCA3103B38B}"
EndProject
Global
	GlobalSection(SolutionConfigurationPlatforms) = preSolution
		Ad-Hoc|Any CPU = Ad-Hoc|Any CPU
		Ad-Hoc|iPhone = Ad-Hoc|iPhone
		Ad-Hoc|iPhoneSimulator = Ad-Hoc|iPhoneSimulator
		AppStore|Any CPU = AppStore|Any CPU
		AppStore|iPhone = AppStore|iPhone
		AppStore|iPhoneSimulator = AppStore|iPhoneSimulator
		Debug|Any CPU = Debug|Any CPU
		Debug|iPhone = Debug|iPhone
		Debug|iPhoneSimulator = Debug|iPhoneSimulator
		Release|Any CPU = Release|Any CPU
		Release|iPhone = Release|iPhone
		Release|iPhoneSimulator = Release|iPhoneSimulator
	EndGlobalSection
	GlobalSection(ProjectConfigurationPlatforms) = postSolution
		{072D8A9F-CDF8-432C-898E-EB543FE11F7A}.Ad-Hoc|Any CPU.ActiveCfg = Release|Any CPU
		{072D8A9F-CDF8-432C-898E-EB543FE11F7A}.Ad-Hoc|Any CPU.Build.0 = Release|Any CPU
		{072D8A9F-CDF8-432C-898E-EB543FE11F7A}.Ad-Hoc|iPhone.ActiveCfg = Debug|Any CPU
		{072D8A9F-CDF8-432C-898E-EB543FE11F7A}.Ad-Hoc|iPhone.Build.0 = Debug|Any CPU
		{072D8A9F-CDF8-432C-898E-EB543FE11F7A}.Ad-Hoc|iPhoneSimulator.ActiveCfg = Release|Any CPU
		{072D8A9F-CDF8-432C-898E-EB543FE11F7A}.AppStore|Any CPU.ActiveCfg = Release|Any CPU
		{072D8A9F-CDF8-432C-898E-EB543FE11F7A}.AppStore|Any CPU.Build.0 = Release|Any CPU
		{072D8A9F-CDF8-432C-898E-EB543FE11F7A}.AppStore|iPhone.ActiveCfg = Debug|Any CPU
		{072D8A9F-CDF8-432C-898E-EB543FE11F7A}.AppStore|iPhone.Build.0 = Debug|Any CPU
		{072D8A9F-CDF8-432C-898E-EB543FE11F7A}.AppStore|iPhoneSimulator.ActiveCfg = Release|Any CPU
		{072D8A9F-CDF8-432C-898E-EB543FE11F7A}.Debug|Any CPU.ActiveCfg = Debug|Any CPU
		{072D8A9F-CDF8-432C-898E-EB543FE11F7A}.Debug|Any CPU.Build.0 = Debug|Any CPU
		{072D8A9F-CDF8-432C-898E-EB543FE11F7A}.Debug|iPhone.ActiveCfg = Debug|Any CPU
		{072D8A9F-CDF8-432C-898E-EB543FE11F7A}.Debug|iPhone.Build.0 = Debug|Any CPU
		{072D8A9F-CDF8-432C-898E-EB543FE11F7A}.Debug|iPhoneSimulator.ActiveCfg = Debug|Any CPU
		{072D8A9F-CDF8-432C-898E-EB543FE11F7A}.Debug|iPhoneSimulator.Build.0 = Debug|Any CPU
		{072D8A9F-CDF8-432C-898E-EB543FE11F7A}.Release|Any CPU.ActiveCfg = Release|Any CPU
		{072D8A9F-CDF8-432C-898E-EB543FE11F7A}.Release|Any CPU.Build.0 = Release|Any CPU
		{072D8A9F-CDF8-432C-898E-EB543FE11F7A}.Release|iPhone.ActiveCfg = Release|Any CPU
		{072D8A9F-CDF8-432C-898E-EB543FE11F7A}.Release|iPhone.Build.0 = Release|Any CPU
		{072D8A9F-CDF8-432C-898E-EB543FE11F7A}.Release|iPhoneSimulator.ActiveCfg = Release|Any CPU
		{072D8A9F-CDF8-432C-898E-EB543FE11F7A}.Release|iPhoneSimulator.Build.0 = Release|Any CPU
		{31ACBE7A-3A07-46A5-804D-0C70454B3DC9}.Ad-Hoc|Any CPU.ActiveCfg = Release|Any CPU
		{31ACBE7A-3A07-46A5-804D-0C70454B3DC9}.Ad-Hoc|Any CPU.Build.0 = Release|Any CPU
		{31ACBE7A-3A07-46A5-804D-0C70454B3DC9}.Ad-Hoc|iPhone.ActiveCfg = Debug|Any CPU
		{31ACBE7A-3A07-46A5-804D-0C70454B3DC9}.Ad-Hoc|iPhone.Build.0 = Debug|Any CPU
		{31ACBE7A-3A07-46A5-804D-0C70454B3DC9}.Ad-Hoc|iPhoneSimulator.ActiveCfg = Release|Any CPU
		{31ACBE7A-3A07-46A5-804D-0C70454B3DC9}.Ad-Hoc|iPhoneSimulator.Build.0 = Release|Any CPU
		{31ACBE7A-3A07-46A5-804D-0C70454B3DC9}.AppStore|Any CPU.ActiveCfg = Release|Any CPU
		{31ACBE7A-3A07-46A5-804D-0C70454B3DC9}.AppStore|Any CPU.Build.0 = Release|Any CPU
		{31ACBE7A-3A07-46A5-804D-0C70454B3DC9}.AppStore|iPhone.ActiveCfg = Debug|Any CPU
		{31ACBE7A-3A07-46A5-804D-0C70454B3DC9}.AppStore|iPhone.Build.0 = Debug|Any CPU
		{31ACBE7A-3A07-46A5-804D-0C70454B3DC9}.AppStore|iPhoneSimulator.ActiveCfg = Release|Any CPU
		{31ACBE7A-3A07-46A5-804D-0C70454B3DC9}.AppStore|iPhoneSimulator.Build.0 = Release|Any CPU
		{31ACBE7A-3A07-46A5-804D-0C70454B3DC9}.Debug|Any CPU.ActiveCfg = Debug|Any CPU
		{31ACBE7A-3A07-46A5-804D-0C70454B3DC9}.Debug|Any CPU.Build.0 = Debug|Any CPU
		{31ACBE7A-3A07-46A5-804D-0C70454B3DC9}.Debug|iPhone.ActiveCfg = Debug|Any CPU
		{31ACBE7A-3A07-46A5-804D-0C70454B3DC9}.Debug|iPhone.Build.0 = Debug|Any CPU
		{31ACBE7A-3A07-46A5-804D-0C70454B3DC9}.Debug|iPhoneSimulator.ActiveCfg = Debug|Any CPU
		{31ACBE7A-3A07-46A5-804D-0C70454B3DC9}.Debug|iPhoneSimulator.Build.0 = Debug|Any CPU
		{31ACBE7A-3A07-46A5-804D-0C70454B3DC9}.Release|Any CPU.ActiveCfg = Release|Any CPU
		{31ACBE7A-3A07-46A5-804D-0C70454B3DC9}.Release|Any CPU.Build.0 = Release|Any CPU
		{31ACBE7A-3A07-46A5-804D-0C70454B3DC9}.Release|iPhone.ActiveCfg = Release|Any CPU
		{31ACBE7A-3A07-46A5-804D-0C70454B3DC9}.Release|iPhone.Build.0 = Release|Any CPU
		{31ACBE7A-3A07-46A5-804D-0C70454B3DC9}.Release|iPhoneSimulator.ActiveCfg = Release|Any CPU
		{31ACBE7A-3A07-46A5-804D-0C70454B3DC9}.Release|iPhoneSimulator.Build.0 = Release|Any CPU
		{4D10DF5E-883D-468B-A854-4A53C7FE75AC}.Ad-Hoc|Any CPU.ActiveCfg = Release|Any CPU
		{4D10DF5E-883D-468B-A854-4A53C7FE75AC}.Ad-Hoc|Any CPU.Build.0 = Release|Any CPU
		{4D10DF5E-883D-468B-A854-4A53C7FE75AC}.Ad-Hoc|iPhone.ActiveCfg = Debug|Any CPU
		{4D10DF5E-883D-468B-A854-4A53C7FE75AC}.Ad-Hoc|iPhone.Build.0 = Debug|Any CPU
		{4D10DF5E-883D-468B-A854-4A53C7FE75AC}.Ad-Hoc|iPhoneSimulator.ActiveCfg = Release|Any CPU
		{4D10DF5E-883D-468B-A854-4A53C7FE75AC}.Ad-Hoc|iPhoneSimulator.Build.0 = Release|Any CPU
		{4D10DF5E-883D-468B-A854-4A53C7FE75AC}.AppStore|Any CPU.ActiveCfg = Release|Any CPU
		{4D10DF5E-883D-468B-A854-4A53C7FE75AC}.AppStore|Any CPU.Build.0 = Release|Any CPU
		{4D10DF5E-883D-468B-A854-4A53C7FE75AC}.AppStore|iPhone.ActiveCfg = Debug|Any CPU
		{4D10DF5E-883D-468B-A854-4A53C7FE75AC}.AppStore|iPhone.Build.0 = Debug|Any CPU
		{4D10DF5E-883D-468B-A854-4A53C7FE75AC}.AppStore|iPhoneSimulator.ActiveCfg = Release|Any CPU
		{4D10DF5E-883D-468B-A854-4A53C7FE75AC}.AppStore|iPhoneSimulator.Build.0 = Release|Any CPU
		{4D10DF5E-883D-468B-A854-4A53C7FE75AC}.Debug|Any CPU.ActiveCfg = Debug|Any CPU
		{4D10DF5E-883D-468B-A854-4A53C7FE75AC}.Debug|Any CPU.Build.0 = Debug|Any CPU
		{4D10DF5E-883D-468B-A854-4A53C7FE75AC}.Debug|iPhone.ActiveCfg = Debug|Any CPU
		{4D10DF5E-883D-468B-A854-4A53C7FE75AC}.Debug|iPhone.Build.0 = Debug|Any CPU
		{4D10DF5E-883D-468B-A854-4A53C7FE75AC}.Debug|iPhoneSimulator.ActiveCfg = Debug|Any CPU
		{4D10DF5E-883D-468B-A854-4A53C7FE75AC}.Debug|iPhoneSimulator.Build.0 = Debug|Any CPU
		{4D10DF5E-883D-468B-A854-4A53C7FE75AC}.Release|Any CPU.ActiveCfg = Release|Any CPU
		{4D10DF5E-883D-468B-A854-4A53C7FE75AC}.Release|Any CPU.Build.0 = Release|Any CPU
		{4D10DF5E-883D-468B-A854-4A53C7FE75AC}.Release|iPhone.ActiveCfg = Release|Any CPU
		{4D10DF5E-883D-468B-A854-4A53C7FE75AC}.Release|iPhone.Build.0 = Release|Any CPU
		{4D10DF5E-883D-468B-A854-4A53C7FE75AC}.Release|iPhoneSimulator.ActiveCfg = Release|Any CPU
		{4D10DF5E-883D-468B-A854-4A53C7FE75AC}.Release|iPhoneSimulator.Build.0 = Release|Any CPU
		{67BB1B0A-8F35-4B87-907A-0BCA3103B38B}.Ad-Hoc|Any CPU.ActiveCfg = Release|Any CPU
		{67BB1B0A-8F35-4B87-907A-0BCA3103B38B}.Ad-Hoc|Any CPU.Build.0 = Release|Any CPU
		{67BB1B0A-8F35-4B87-907A-0BCA3103B38B}.Ad-Hoc|iPhone.ActiveCfg = Debug|Any CPU
		{67BB1B0A-8F35-4B87-907A-0BCA3103B38B}.Ad-Hoc|iPhone.Build.0 = Debug|Any CPU
		{67BB1B0A-8F35-4B87-907A-0BCA3103B38B}.Ad-Hoc|iPhoneSimulator.ActiveCfg = Release|Any CPU
		{67BB1B0A-8F35-4B87-907A-0BCA3103B38B}.Ad-Hoc|iPhoneSimulator.Build.0 = Release|Any CPU
		{67BB1B0A-8F35-4B87-907A-0BCA3103B38B}.AppStore|Any CPU.ActiveCfg = Release|Any CPU
		{67BB1B0A-8F35-4B87-907A-0BCA3103B38B}.AppStore|Any CPU.Build.0 = Release|Any CPU
		{67BB1B0A-8F35-4B87-907A-0BCA3103B38B}.AppStore|iPhone.ActiveCfg = Debug|Any CPU
		{67BB1B0A-8F35-4B87-907A-0BCA3103B38B}.AppStore|iPhone.Build.0 = Debug|Any CPU
		{67BB1B0A-8F35-4B87-907A-0BCA3103B38B}.AppStore|iPhoneSimulator.ActiveCfg = Release|Any CPU
		{67BB1B0A-8F35-4B87-907A-0BCA3103B38B}.AppStore|iPhoneSimulator.Build.0 = Release|Any CPU
		{67BB1B0A-8F35-4B87-907A-0BCA3103B38B}.Debug|Any CPU.ActiveCfg = Debug|Any CPU
		{67BB1B0A-8F35-4B87-907A-0BCA3103B38B}.Debug|Any CPU.Build.0 = Debug|Any CPU
		{67BB1B0A-8F35-4B87-907A-0BCA3103B38B}.Debug|iPhone.ActiveCfg = Debug|Any CPU
		{67BB1B0A-8F35-4B87-907A-0BCA3103B38B}.Debug|iPhone.Build.0 = Debug|Any CPU
		{67BB1B0A-8F35-4B87-907A-0BCA3103B38B}.Debug|iPhoneSimulator.ActiveCfg = Debug|Any CPU
		{67BB1B0A-8F35-4B87-907A-0BCA3103B38B}.Debug|iPhoneSimulator.Build.0 = Debug|Any CPU
		{67BB1B0A-8F35-4B87-907A-0BCA3103B38B}.Release|Any CPU.ActiveCfg = Release|Any CPU
		{67BB1B0A-8F35-4B87-907A-0BCA3103B38B}.Release|Any CPU.Build.0 = Release|Any CPU
		{67BB1B0A-8F35-4B87-907A-0BCA3103B38B}.Release|iPhone.ActiveCfg = Release|Any CPU
		{67BB1B0A-8F35-4B87-907A-0BCA3103B38B}.Release|iPhone.Build.0 = Release|Any CPU
		{67BB1B0A-8F35-4B87-907A-0BCA3103B38B}.Release|iPhoneSimulator.ActiveCfg = Release|Any CPU
		{67BB1B0A-8F35-4B87-907A-0BCA3103B38B}.Release|iPhoneSimulator.Build.0 = Release|Any CPU
		{6994B85C-2C26-4063-A698-0B251963D4BD}.Ad-Hoc|Any CPU.ActiveCfg = Ad-Hoc|iPhone
		{6994B85C-2C26-4063-A698-0B251963D4BD}.Ad-Hoc|iPhone.ActiveCfg = Ad-Hoc|iPhone
		{6994B85C-2C26-4063-A698-0B251963D4BD}.Ad-Hoc|iPhone.Build.0 = Ad-Hoc|iPhone
		{6994B85C-2C26-4063-A698-0B251963D4BD}.Ad-Hoc|iPhoneSimulator.ActiveCfg = Ad-Hoc|iPhone
		{6994B85C-2C26-4063-A698-0B251963D4BD}.AppStore|Any CPU.ActiveCfg = AppStore|iPhone
		{6994B85C-2C26-4063-A698-0B251963D4BD}.AppStore|iPhone.ActiveCfg = AppStore|iPhone
		{6994B85C-2C26-4063-A698-0B251963D4BD}.AppStore|iPhone.Build.0 = AppStore|iPhone
		{6994B85C-2C26-4063-A698-0B251963D4BD}.AppStore|iPhoneSimulator.ActiveCfg = AppStore|iPhone
		{6994B85C-2C26-4063-A698-0B251963D4BD}.Debug|Any CPU.ActiveCfg = Debug|iPhoneSimulator
		{6994B85C-2C26-4063-A698-0B251963D4BD}.Debug|Any CPU.Build.0 = Debug|iPhoneSimulator
		{6994B85C-2C26-4063-A698-0B251963D4BD}.Debug|iPhone.ActiveCfg = Debug|iPhone
		{6994B85C-2C26-4063-A698-0B251963D4BD}.Debug|iPhone.Build.0 = Debug|iPhone
		{6994B85C-2C26-4063-A698-0B251963D4BD}.Debug|iPhoneSimulator.ActiveCfg = Debug|iPhoneSimulator
		{6994B85C-2C26-4063-A698-0B251963D4BD}.Debug|iPhoneSimulator.Build.0 = Debug|iPhoneSimulator
		{6994B85C-2C26-4063-A698-0B251963D4BD}.Release|Any CPU.ActiveCfg = Release|iPhoneSimulator
		{6994B85C-2C26-4063-A698-0B251963D4BD}.Release|Any CPU.Build.0 = Release|iPhoneSimulator
		{6994B85C-2C26-4063-A698-0B251963D4BD}.Release|iPhone.ActiveCfg = Release|iPhone
		{6994B85C-2C26-4063-A698-0B251963D4BD}.Release|iPhone.Build.0 = Release|iPhone
		{6994B85C-2C26-4063-A698-0B251963D4BD}.Release|iPhoneSimulator.ActiveCfg = Release|iPhoneSimulator
		{6994B85C-2C26-4063-A698-0B251963D4BD}.Release|iPhoneSimulator.Build.0 = Release|iPhoneSimulator
		{71EFA7B6-C9AD-4332-BE9F-EC5E5C7AF8BB}.Ad-Hoc|Any CPU.ActiveCfg = Release|Any CPU
		{71EFA7B6-C9AD-4332-BE9F-EC5E5C7AF8BB}.Ad-Hoc|Any CPU.Build.0 = Release|Any CPU
		{71EFA7B6-C9AD-4332-BE9F-EC5E5C7AF8BB}.Ad-Hoc|iPhone.ActiveCfg = Debug|Any CPU
		{71EFA7B6-C9AD-4332-BE9F-EC5E5C7AF8BB}.Ad-Hoc|iPhone.Build.0 = Debug|Any CPU
		{71EFA7B6-C9AD-4332-BE9F-EC5E5C7AF8BB}.Ad-Hoc|iPhoneSimulator.ActiveCfg = Release|Any CPU
		{71EFA7B6-C9AD-4332-BE9F-EC5E5C7AF8BB}.AppStore|Any CPU.ActiveCfg = Release|Any CPU
		{71EFA7B6-C9AD-4332-BE9F-EC5E5C7AF8BB}.AppStore|Any CPU.Build.0 = Release|Any CPU
		{71EFA7B6-C9AD-4332-BE9F-EC5E5C7AF8BB}.AppStore|iPhone.ActiveCfg = Debug|Any CPU
		{71EFA7B6-C9AD-4332-BE9F-EC5E5C7AF8BB}.AppStore|iPhone.Build.0 = Debug|Any CPU
		{71EFA7B6-C9AD-4332-BE9F-EC5E5C7AF8BB}.AppStore|iPhoneSimulator.ActiveCfg = Release|Any CPU
		{71EFA7B6-C9AD-4332-BE9F-EC5E5C7AF8BB}.Debug|Any CPU.ActiveCfg = Debug|Any CPU
		{71EFA7B6-C9AD-4332-BE9F-EC5E5C7AF8BB}.Debug|Any CPU.Build.0 = Debug|Any CPU
		{71EFA7B6-C9AD-4332-BE9F-EC5E5C7AF8BB}.Debug|iPhone.ActiveCfg = Debug|Any CPU
		{71EFA7B6-C9AD-4332-BE9F-EC5E5C7AF8BB}.Debug|iPhone.Build.0 = Debug|Any CPU
		{71EFA7B6-C9AD-4332-BE9F-EC5E5C7AF8BB}.Debug|iPhoneSimulator.ActiveCfg = Debug|Any CPU
		{71EFA7B6-C9AD-4332-BE9F-EC5E5C7AF8BB}.Debug|iPhoneSimulator.Build.0 = Debug|Any CPU
		{71EFA7B6-C9AD-4332-BE9F-EC5E5C7AF8BB}.Release|Any CPU.ActiveCfg = Release|Any CPU
		{71EFA7B6-C9AD-4332-BE9F-EC5E5C7AF8BB}.Release|Any CPU.Build.0 = Release|Any CPU
		{71EFA7B6-C9AD-4332-BE9F-EC5E5C7AF8BB}.Release|iPhone.ActiveCfg = Release|Any CPU
		{71EFA7B6-C9AD-4332-BE9F-EC5E5C7AF8BB}.Release|iPhone.Build.0 = Release|Any CPU
		{71EFA7B6-C9AD-4332-BE9F-EC5E5C7AF8BB}.Release|iPhoneSimulator.ActiveCfg = Release|Any CPU
		{71EFA7B6-C9AD-4332-BE9F-EC5E5C7AF8BB}.Release|iPhoneSimulator.Build.0 = Release|Any CPU
		{B31E5CF3-7738-42D6-ACA7-F519621C305E}.Ad-Hoc|Any CPU.ActiveCfg = Release|Any CPU
		{B31E5CF3-7738-42D6-ACA7-F519621C305E}.Ad-Hoc|Any CPU.Build.0 = Release|Any CPU
		{B31E5CF3-7738-42D6-ACA7-F519621C305E}.Ad-Hoc|iPhone.ActiveCfg = Release|Any CPU
		{B31E5CF3-7738-42D6-ACA7-F519621C305E}.Ad-Hoc|iPhone.Build.0 = Release|Any CPU
		{B31E5CF3-7738-42D6-ACA7-F519621C305E}.Ad-Hoc|iPhoneSimulator.ActiveCfg = Release|Any CPU
		{B31E5CF3-7738-42D6-ACA7-F519621C305E}.Ad-Hoc|iPhoneSimulator.Build.0 = Release|Any CPU
		{B31E5CF3-7738-42D6-ACA7-F519621C305E}.AppStore|Any CPU.ActiveCfg = Release|Any CPU
		{B31E5CF3-7738-42D6-ACA7-F519621C305E}.AppStore|Any CPU.Build.0 = Release|Any CPU
		{B31E5CF3-7738-42D6-ACA7-F519621C305E}.AppStore|iPhone.ActiveCfg = Release|Any CPU
		{B31E5CF3-7738-42D6-ACA7-F519621C305E}.AppStore|iPhone.Build.0 = Release|Any CPU
		{B31E5CF3-7738-42D6-ACA7-F519621C305E}.AppStore|iPhoneSimulator.ActiveCfg = Release|Any CPU
		{B31E5CF3-7738-42D6-ACA7-F519621C305E}.AppStore|iPhoneSimulator.Build.0 = Release|Any CPU
		{B31E5CF3-7738-42D6-ACA7-F519621C305E}.Debug|Any CPU.ActiveCfg = Debug|Any CPU
		{B31E5CF3-7738-42D6-ACA7-F519621C305E}.Debug|Any CPU.Build.0 = Debug|Any CPU
		{B31E5CF3-7738-42D6-ACA7-F519621C305E}.Debug|iPhone.ActiveCfg = Debug|Any CPU
		{B31E5CF3-7738-42D6-ACA7-F519621C305E}.Debug|iPhone.Build.0 = Debug|Any CPU
		{B31E5CF3-7738-42D6-ACA7-F519621C305E}.Debug|iPhoneSimulator.ActiveCfg = Debug|Any CPU
		{B31E5CF3-7738-42D6-ACA7-F519621C305E}.Debug|iPhoneSimulator.Build.0 = Debug|Any CPU
		{B31E5CF3-7738-42D6-ACA7-F519621C305E}.Release|Any CPU.ActiveCfg = Release|Any CPU
		{B31E5CF3-7738-42D6-ACA7-F519621C305E}.Release|Any CPU.Build.0 = Release|Any CPU
		{B31E5CF3-7738-42D6-ACA7-F519621C305E}.Release|iPhone.ActiveCfg = Release|Any CPU
		{B31E5CF3-7738-42D6-ACA7-F519621C305E}.Release|iPhone.Build.0 = Release|Any CPU
		{B31E5CF3-7738-42D6-ACA7-F519621C305E}.Release|iPhoneSimulator.ActiveCfg = Release|Any CPU
		{B31E5CF3-7738-42D6-ACA7-F519621C305E}.Release|iPhoneSimulator.Build.0 = Release|Any CPU
		{E4E1D5F3-3C89-4EF1-8B0E-7C8F719D52C9}.Ad-Hoc|Any CPU.ActiveCfg = Release|Any CPU
		{E4E1D5F3-3C89-4EF1-8B0E-7C8F719D52C9}.Ad-Hoc|iPhone.ActiveCfg = Debug|Any CPU
		{E4E1D5F3-3C89-4EF1-8B0E-7C8F719D52C9}.Ad-Hoc|iPhone.Build.0 = Debug|Any CPU
		{E4E1D5F3-3C89-4EF1-8B0E-7C8F719D52C9}.Ad-Hoc|iPhoneSimulator.ActiveCfg = Release|Any CPU
		{E4E1D5F3-3C89-4EF1-8B0E-7C8F719D52C9}.AppStore|Any CPU.ActiveCfg = Release|Any CPU
		{E4E1D5F3-3C89-4EF1-8B0E-7C8F719D52C9}.AppStore|iPhone.ActiveCfg = Debug|Any CPU
		{E4E1D5F3-3C89-4EF1-8B0E-7C8F719D52C9}.AppStore|iPhone.Build.0 = Debug|Any CPU
		{E4E1D5F3-3C89-4EF1-8B0E-7C8F719D52C9}.AppStore|iPhoneSimulator.ActiveCfg = Release|Any CPU
		{E4E1D5F3-3C89-4EF1-8B0E-7C8F719D52C9}.Debug|Any CPU.ActiveCfg = Debug|Any CPU
		{E4E1D5F3-3C89-4EF1-8B0E-7C8F719D52C9}.Debug|Any CPU.Build.0 = Debug|Any CPU
		{E4E1D5F3-3C89-4EF1-8B0E-7C8F719D52C9}.Debug|iPhone.ActiveCfg = Debug|Any CPU
		{E4E1D5F3-3C89-4EF1-8B0E-7C8F719D52C9}.Debug|iPhone.Build.0 = Debug|Any CPU
		{E4E1D5F3-3C89-4EF1-8B0E-7C8F719D52C9}.Debug|iPhoneSimulator.ActiveCfg = Debug|Any CPU
		{E4E1D5F3-3C89-4EF1-8B0E-7C8F719D52C9}.Debug|iPhoneSimulator.Build.0 = Debug|Any CPU
		{E4E1D5F3-3C89-4EF1-8B0E-7C8F719D52C9}.Release|Any CPU.ActiveCfg = Release|Any CPU
		{E4E1D5F3-3C89-4EF1-8B0E-7C8F719D52C9}.Release|Any CPU.Build.0 = Release|Any CPU
		{E4E1D5F3-3C89-4EF1-8B0E-7C8F719D52C9}.Release|iPhone.ActiveCfg = Release|Any CPU
		{E4E1D5F3-3C89-4EF1-8B0E-7C8F719D52C9}.Release|iPhone.Build.0 = Release|Any CPU
		{E4E1D5F3-3C89-4EF1-8B0E-7C8F719D52C9}.Release|iPhoneSimulator.ActiveCfg = Release|Any CPU
		{E4E1D5F3-3C89-4EF1-8B0E-7C8F719D52C9}.Release|iPhoneSimulator.Build.0 = Release|Any CPU
		{F35F5C99-87E3-492C-B4E0-3D237809A914}.Ad-Hoc|Any CPU.ActiveCfg = Release|Any CPU
		{F35F5C99-87E3-492C-B4E0-3D237809A914}.Ad-Hoc|Any CPU.Build.0 = Release|Any CPU
		{F35F5C99-87E3-492C-B4E0-3D237809A914}.Ad-Hoc|iPhone.ActiveCfg = Debug|Any CPU
		{F35F5C99-87E3-492C-B4E0-3D237809A914}.Ad-Hoc|iPhone.Build.0 = Debug|Any CPU
		{F35F5C99-87E3-492C-B4E0-3D237809A914}.Ad-Hoc|iPhoneSimulator.ActiveCfg = Release|Any CPU
		{F35F5C99-87E3-492C-B4E0-3D237809A914}.Ad-Hoc|iPhoneSimulator.Build.0 = Release|Any CPU
		{F35F5C99-87E3-492C-B4E0-3D237809A914}.AppStore|Any CPU.ActiveCfg = Release|Any CPU
		{F35F5C99-87E3-492C-B4E0-3D237809A914}.AppStore|Any CPU.Build.0 = Release|Any CPU
		{F35F5C99-87E3-492C-B4E0-3D237809A914}.AppStore|iPhone.ActiveCfg = Debug|Any CPU
		{F35F5C99-87E3-492C-B4E0-3D237809A914}.AppStore|iPhone.Build.0 = Debug|Any CPU
		{F35F5C99-87E3-492C-B4E0-3D237809A914}.AppStore|iPhoneSimulator.ActiveCfg = Release|Any CPU
		{F35F5C99-87E3-492C-B4E0-3D237809A914}.AppStore|iPhoneSimulator.Build.0 = Release|Any CPU
		{F35F5C99-87E3-492C-B4E0-3D237809A914}.Debug|Any CPU.ActiveCfg = Debug|Any CPU
		{F35F5C99-87E3-492C-B4E0-3D237809A914}.Debug|Any CPU.Build.0 = Debug|Any CPU
		{F35F5C99-87E3-492C-B4E0-3D237809A914}.Debug|iPhone.ActiveCfg = Debug|Any CPU
		{F35F5C99-87E3-492C-B4E0-3D237809A914}.Debug|iPhone.Build.0 = Debug|Any CPU
		{F35F5C99-87E3-492C-B4E0-3D237809A914}.Debug|iPhoneSimulator.ActiveCfg = Debug|Any CPU
		{F35F5C99-87E3-492C-B4E0-3D237809A914}.Debug|iPhoneSimulator.Build.0 = Debug|Any CPU
		{F35F5C99-87E3-492C-B4E0-3D237809A914}.Release|Any CPU.ActiveCfg = Release|Any CPU
		{F35F5C99-87E3-492C-B4E0-3D237809A914}.Release|Any CPU.Build.0 = Release|Any CPU
		{F35F5C99-87E3-492C-B4E0-3D237809A914}.Release|iPhone.ActiveCfg = Release|Any CPU
		{F35F5C99-87E3-492C-B4E0-3D237809A914}.Release|iPhone.Build.0 = Release|Any CPU
		{F35F5C99-87E3-492C-B4E0-3D237809A914}.Release|iPhoneSimulator.ActiveCfg = Release|Any CPU
		{F35F5C99-87E3-492C-B4E0-3D237809A914}.Release|iPhoneSimulator.Build.0 = Release|Any CPU
	EndGlobalSection
	GlobalSection(NestedProjects) = preSolution
		{4D10DF5E-883D-468B-A854-4A53C7FE75AC} = {4D275DD6-DF9B-4F48-AAA8-BC8FDD8910CA}
		{31ACBE7A-3A07-46A5-804D-0C70454B3DC9} = {4D275DD6-DF9B-4F48-AAA8-BC8FDD8910CA}
		{67BB1B0A-8F35-4B87-907A-0BCA3103B38B} = {4D275DD6-DF9B-4F48-AAA8-BC8FDD8910CA}
	EndGlobalSection
	GlobalSection(MonoDevelopProperties) = preSolution
		StartupItem = iOS\JellyBeanTracker.Mobile.iOS.csproj
	EndGlobalSection
	GlobalSection(SharedMSBuildProjectFiles) = preSolution
		JellyBeanTracker.Shared\JellyBeanTracker.Shared.projitems*{072d8a9f-cdf8-432c-898e-eb543fe11f7a}*SharedItemsImports = 4
		JellyBeanTracker.Shared\JellyBeanTracker.Shared.projitems*{6c65ff60-db7f-4984-a1ab-8a5abf52dac7}*SharedItemsImports = 13
	EndGlobalSection
	GlobalSection(SolutionProperties) = preSolution
		HideSolutionNode = FALSE
	EndGlobalSection
EndGlobal
